{
    "name": "@mrodrig/json-2-csv-cli",
    "version": "3.7.3",
    "lockfileVersion": 1,
    "requires": true,
    "dependencies": {
        "commander": {
            "version": "2.20.0",
            "resolved": "https://registry.npmjs.org/commander/-/commander-2.20.0.tgz",
            "integrity": "sha512-7j2y+40w61zy6YC2iRNpUe/NwhNyoXrYpHMrSunaMG64nRnaf96zO/KMQR4OyN/UnE5KLyEBnKHd4aG3rskjpQ=="
        },
        "deeks": {
            "version": "2.2.6",
            "resolved": "https://registry.npmjs.org/deeks/-/deeks-2.2.6.tgz",
            "integrity": "sha512-KlfWy96oUxxfAEC8q8QVoik++6yWsTYT9Cm5S6nUddLciZaOy7WDfcFbVCyeHKFO44ptWxtz7sQd9Upm4SGf4g=="
        },
        "doc-path": {
            "version": "2.0.4",
            "resolved": "https://registry.npmjs.org/doc-path/-/doc-path-2.0.4.tgz",
            "integrity": "sha512-y/Q1mjxFks4hvNv1KZkkuTZ6lx9zxLtldKf5GsMTdIXF4gNAOaXZ3YxrgHg/uO7JSME1xw/+G7fZ7/Dj/Ss88g=="
        },
        "json-2-csv": {
            "version": "3.7.3",
            "resolved": "https://registry.npmjs.org/json-2-csv/-/json-2-csv-3.7.3.tgz",
            "integrity": "sha512-fmp/xWxRaJ2k4DO0XWOfSMv0FvXYdTWPTbMNJrA9Y2rVGfEQcrPTL9lFK2h+pREFKOa9nQY5l6hYMae9zhdkdQ==",
            "requires": {
                "deeks": "2.2.6",
                "doc-path": "2.0.4"
            }
        }
    }
}
