{
    "name": "@mrodrig/json-2-csv-cli",
    "version": "4.1.0",
    "lockfileVersion": 3,
    "requires": true,
    "packages": {
        "": {
            "name": "@mrodrig/json-2-csv-cli",
            "version": "4.1.0",
            "license": "MIT",
            "dependencies": {
                "commander": "9.4.1",
                "json-2-csv": "3.20.0"
            },
            "bin": {
                "csv2json": "bin/csv2json.js",
                "json2csv": "bin/json2csv.js"
            },
            "engines": {
                "node": ">= 12"
            }
        },
        "node_modules/commander": {
            "version": "9.4.1",
            "resolved": "https://registry.npmjs.org/commander/-/commander-9.4.1.tgz",
            "integrity": "sha512-5EEkTNyHNGFPD2H+c/dXXfQZYa/scCKasxWcXJaWnNJ99pnQN9Vnmqow+p+PlFPE63Q6mThaZws1T+HxfpgtPw==",
            "engines": {
                "node": "^12.20.0 || >=14"
            }
        },
        "node_modules/deeks": {
            "version": "2.6.1",
            "resolved": "https://registry.npmjs.org/deeks/-/deeks-2.6.1.tgz",
            "integrity": "sha512-PZrpz5xLo2JPZa3L+kqMMMdZU5pRwMysTM1xd6pLhNtgQw4Iq3wbF2QWaQTVh+HRq9Yg4rcjDIJ+scfGLxmsjQ==",
            "engines": {
                "node": ">= 12"
            }
        },
        "node_modules/doc-path": {
            "version": "3.1.0",
            "resolved": "https://registry.npmjs.org/doc-path/-/doc-path-3.1.0.tgz",
            "integrity": "sha512-Pv2hLQbUM8du5681lTWIYk0OtVBmNhMAeZNGeFhMMJBIR89Nw4XesBwee1Xtlfk83n71tn0Y6VsJOn4d3qIiTw==",
            "engines": {
                "node": ">=12"
            }
        },
        "node_modules/json-2-csv": {
            "version": "3.20.0",
            "resolved": "https://registry.npmjs.org/json-2-csv/-/json-2-csv-3.20.0.tgz",
            "integrity": "sha512-IbqUB+yaycVNB/q2fiY5kyRjy5kRiEXqvNvGlxM5L0Bfi0RdvklVHc4t9MfeYF1GsZVpZWDBs9LdWmSjsQ8jvg==",
            "dependencies": {
                "deeks": "2.6.1",
                "doc-path": "3.1.0"
            },
            "engines": {
                "node": ">= 12"
            }
        }
    }
}
