{
    "name": "@mrodrig/json-2-csv-cli",
    "version": "3.14.0",
    "lockfileVersion": 1,
    "requires": true,
    "dependencies": {
        "commander": {
            "version": "2.20.0",
            "resolved": "https://registry.npmjs.org/commander/-/commander-2.20.0.tgz",
            "integrity": "sha512-7j2y+40w61zy6YC2iRNpUe/NwhNyoXrYpHMrSunaMG64nRnaf96zO/KMQR4OyN/UnE5KLyEBnKHd4aG3rskjpQ=="
        },
        "deeks": {
            "version": "2.4.1",
            "resolved": "https://registry.npmjs.org/deeks/-/deeks-2.4.1.tgz",
            "integrity": "sha512-18Zd9f6dqyAFDoPttDdD8w5u7xy9M1IoxhpSsaatFwI4O+wZyUK+rDtwul4s6iYSfUfZBXPfUbxZrKHDqpEQYA=="
        },
        "doc-path": {
            "version": "3.0.0",
            "resolved": "https://registry.npmjs.org/doc-path/-/doc-path-3.0.0.tgz",
            "integrity": "sha512-fafPInMvgvUfJ50OmoXOTHTfSiLKd7VgLh2CkLxfB56tVSPi6m+9VytjYtfqw+oM/2MNYaZM7FrNBvG6e0AHQg=="
        },
        "json-2-csv": {
            "version": "3.14.0",
            "resolved": "https://registry.npmjs.org/json-2-csv/-/json-2-csv-3.14.0.tgz",
            "integrity": "sha512-gQygjulk3hS/SMrn9EdnCHnZ+SkrXniNd4igGteqgK5yBNRH99+gJ/H6HMXiX38xPzRRB5A6AJ01J+MonfbWJA==",
            "requires": {
                "deeks": "2.4.1",
                "doc-path": "3.0.0"
            }
        }
    }
}
